
Microsoft Visual Studio Solution File, Format Version 12.00
# Visual Studio Version 17
VisualStudioVersion = 17.13.35828.75
MinimumVisualStudioVersion = 10.0.40219.1
Project("{FAE04EC0-301F-11D3-BF4B-00C04F79EFBC}") = "Project01_DeepgramAIVoice(SpeechToText)", "Project01_DeepgramAIVoice(SpeechToText)\Project01_DeepgramAIVoice(SpeechToText).csproj", "{1D3752AE-6BAB-4615-8AD1-F14B8716F354}"
EndProject
Project("{FAE04EC0-301F-11D3-BF4B-00C04F79EFBC}") = "Project02_HuggingFaceSentimentAnalysis", "Project02_HuggingFaceSentimentAnalysis\Project02_HuggingFaceSentimentAnalysis.csproj", "{AD358012-1486-4EC8-A6D1-5F44E1541965}"
EndProject
Project("{FAE04EC0-301F-11D3-BF4B-00C04F79EFBC}") = "Project03_HuggingFaceSummarizeText", "Project03_HuggingFaceSummarizeText\Project03_HuggingFaceSummarizeText.csproj", "{23D28E30-63A8-4978-8F14-5CFB83E73477}"
EndProject
Project("{FAE04EC0-301F-11D3-BF4B-00C04F79EFBC}") = "Project04_HuggingFaceNamedEntityRecognation(NER)", "Project04_HuggingFaceNamedEntityRecognation(NER)\Project04_HuggingFaceNamedEntityRecognation(NER).csproj", "{F8B19D5A-2D0D-42A9-9003-1583039DD33F}"
EndProject
Project("{FAE04EC0-301F-11D3-BF4B-00C04F79EFBC}") = "Project05_HuggingFaceRobertaBaseModelProject", "Project05_HuggingFaceRobertaBaseModelProject\Project05_HuggingFaceRobertaBaseModelProject.csproj", "{55BC996F-BD2F-4BD2-AA7C-5DE87D011FEB}"
EndProject
Project("{FAE04EC0-301F-11D3-BF4B-00C04F79EFBC}") = "Project06_HuggingFaceToxicBert", "Project06_HuggingFaceToxicBert\Project06_HuggingFaceToxicBert.csproj", "{73135CB0-3572-496E-A6EF-F55FCA1B427C}"
EndProject
Project("{FAE04EC0-301F-11D3-BF4B-00C04F79EFBC}") = "Project07_ClaudeChatbotProject", "Project07_ClaudeChatbotProject\Project07_ClaudeChatbotProject.csproj", "{F791DBC2-8A58-4BDB-9357-1EB727A62A07}"
EndProject
Project("{FAE04EC0-301F-11D3-BF4B-00C04F79EFBC}") = "Project08_AnthropicAnalyseTextProject", "Project08_AnthropicAnalyseTextProject\Project08_AnthropicAnalyseTextProject.csproj", "{EA15B1C3-60D2-4390-A5FC-7EA71E9B34A3}"
EndProject
Project("{FAE04EC0-301F-11D3-BF4B-00C04F79EFBC}") = "Project09_AnthropicJobApplicationProject", "Project09_AnthropicJobApplicationProject\Project09_AnthropicJobApplicationProject.csproj", "{69F02D6B-94E8-4821-B0AB-279AAC968497}"
EndProject
Project("{FAE04EC0-301F-11D3-BF4B-00C04F79EFBC}") = "Project10_ReplicateAIProject", "Project10_ReplicateAIProject\Project10_ReplicateAIProject.csproj", "{2C44CC43-00C5-4BDE-9867-756DDA1A4BE6}"
EndProject
Project("{FAE04EC0-301F-11D3-BF4B-00C04F79EFBC}") = "Project11_MicrosoftAzureAITextToSpeech", "Project11_MicrosoftAzureAITextToSpeech\Project11_MicrosoftAzureAITextToSpeech.csproj", "{2FD97B0A-0B3D-49E2-BBB5-5EB0F2BDC32D}"
EndProject
Project("{FAE04EC0-301F-11D3-BF4B-00C04F79EFBC}") = "Project12_MicrosoftAzureAIComputerVision", "Project12_MicrosoftAzureAIComputerVision\Project12_MicrosoftAzureAIComputerVision.csproj", "{CB116C02-9A53-467D-B4C1-FE97F76A7855}"
EndProject
Project("{FAE04EC0-301F-11D3-BF4B-00C04F79EFBC}") = "Project13_GoogleGeminiAIChatProject", "Project13_GoogleGeminiAIChatProject\Project13_GoogleGeminiAIChatProject.csproj", "{0F2488BA-8E8D-498B-9D6E-2C4461390CCD}"
EndProject
Project("{FAE04EC0-301F-11D3-BF4B-00C04F79EFBC}") = "Project14_GoogleGeminiRole-based simulationProject", "Project14_GoogleGeminiRole-based simulationProject\Project14_GoogleGeminiRole-based simulationProject.csproj", "{39042F72-04E4-4172-9A4E-E89AA103B47D}"
EndProject
Project("{FAE04EC0-301F-11D3-BF4B-00C04F79EFBC}") = "Project15_GooglGeminiAutoAgentPromptProject", "Project15_GooglGeminiAutoAgentPromptProject\Project15_GooglGeminiAutoAgentPromptProject.csproj", "{E5E486BD-5C4A-4185-B3D9-989D7EF80B77}"
EndProject
Project("{FAE04EC0-301F-11D3-BF4B-00C04F79EFBC}") = "Project16_OpenAICodeEditorProject", "Project16_OpenAICodeEditorProject\Project16_OpenAICodeEditorProject.csproj", "{51199F74-F4CF-49AE-9270-7B09E34CC755}"
EndProject
Project("{FAE04EC0-301F-11D3-BF4B-00C04F79EFBC}") = "Project17_StabilityAITextToImageProject", "Project17_StabilityAITextToImageProject\Project17_StabilityAITextToImageProject.csproj", "{9BEE76E4-C0A7-49D2-AD9A-0A172820EF21}"
EndProject
Project("{FAE04EC0-301F-11D3-BF4B-00C04F79EFBC}") = "Project18_ReplicateAICreateVideoProject", "Project18_ReplicateAICreateVideoProject\Project18_ReplicateAICreateVideoProject.csproj", "{1C2E7E04-3EA4-4D47-B6AF-97E603FAB502}"
EndProject
Global
	GlobalSection(SolutionConfigurationPlatforms) = preSolution
		Debug|Any CPU = Debug|Any CPU
		Release|Any CPU = Release|Any CPU
	EndGlobalSection
	GlobalSection(ProjectConfigurationPlatforms) = postSolution
		{1D3752AE-6BAB-4615-8AD1-F14B8716F354}.Debug|Any CPU.ActiveCfg = Debug|Any CPU
		{1D3752AE-6BAB-4615-8AD1-F14B8716F354}.Debug|Any CPU.Build.0 = Debug|Any CPU
		{1D3752AE-6BAB-4615-8AD1-F14B8716F354}.Release|Any CPU.ActiveCfg = Release|Any CPU
		{1D3752AE-6BAB-4615-8AD1-F14B8716F354}.Release|Any CPU.Build.0 = Release|Any CPU
		{AD358012-1486-4EC8-A6D1-5F44E1541965}.Debug|Any CPU.ActiveCfg = Debug|Any CPU
		{AD358012-1486-4EC8-A6D1-5F44E1541965}.Debug|Any CPU.Build.0 = Debug|Any CPU
		{AD358012-1486-4EC8-A6D1-5F44E1541965}.Release|Any CPU.ActiveCfg = Release|Any CPU
		{AD358012-1486-4EC8-A6D1-5F44E1541965}.Release|Any CPU.Build.0 = Release|Any CPU
		{23D28E30-63A8-4978-8F14-5CFB83E73477}.Debug|Any CPU.ActiveCfg = Debug|Any CPU
		{23D28E30-63A8-4978-8F14-5CFB83E73477}.Debug|Any CPU.Build.0 = Debug|Any CPU
		{23D28E30-63A8-4978-8F14-5CFB83E73477}.Release|Any CPU.ActiveCfg = Release|Any CPU
		{23D28E30-63A8-4978-8F14-5CFB83E73477}.Release|Any CPU.Build.0 = Release|Any CPU
		{F8B19D5A-2D0D-42A9-9003-1583039DD33F}.Debug|Any CPU.ActiveCfg = Debug|Any CPU
		{F8B19D5A-2D0D-42A9-9003-1583039DD33F}.Debug|Any CPU.Build.0 = Debug|Any CPU
		{F8B19D5A-2D0D-42A9-9003-1583039DD33F}.Release|Any CPU.ActiveCfg = Release|Any CPU
		{F8B19D5A-2D0D-42A9-9003-1583039DD33F}.Release|Any CPU.Build.0 = Release|Any CPU
		{55BC996F-BD2F-4BD2-AA7C-5DE87D011FEB}.Debug|Any CPU.ActiveCfg = Debug|Any CPU
		{55BC996F-BD2F-4BD2-AA7C-5DE87D011FEB}.Debug|Any CPU.Build.0 = Debug|Any CPU
		{55BC996F-BD2F-4BD2-AA7C-5DE87D011FEB}.Release|Any CPU.ActiveCfg = Release|Any CPU
		{55BC996F-BD2F-4BD2-AA7C-5DE87D011FEB}.Release|Any CPU.Build.0 = Release|Any CPU
		{73135CB0-3572-496E-A6EF-F55FCA1B427C}.Debug|Any CPU.ActiveCfg = Debug|Any CPU
		{73135CB0-3572-496E-A6EF-F55FCA1B427C}.Debug|Any CPU.Build.0 = Debug|Any CPU
		{73135CB0-3572-496E-A6EF-F55FCA1B427C}.Release|Any CPU.ActiveCfg = Release|Any CPU
		{73135CB0-3572-496E-A6EF-F55FCA1B427C}.Release|Any CPU.Build.0 = Release|Any CPU
		{F791DBC2-8A58-4BDB-9357-1EB727A62A07}.Debug|Any CPU.ActiveCfg = Debug|Any CPU
		{F791DBC2-8A58-4BDB-9357-1EB727A62A07}.Debug|Any CPU.Build.0 = Debug|Any CPU
		{F791DBC2-8A58-4BDB-9357-1EB727A62A07}.Release|Any CPU.ActiveCfg = Release|Any CPU
		{F791DBC2-8A58-4BDB-9357-1EB727A62A07}.Release|Any CPU.Build.0 = Release|Any CPU
		{EA15B1C3-60D2-4390-A5FC-7EA71E9B34A3}.Debug|Any CPU.ActiveCfg = Debug|Any CPU
		{EA15B1C3-60D2-4390-A5FC-7EA71E9B34A3}.Debug|Any CPU.Build.0 = Debug|Any CPU
		{EA15B1C3-60D2-4390-A5FC-7EA71E9B34A3}.Release|Any CPU.ActiveCfg = Release|Any CPU
		{EA15B1C3-60D2-4390-A5FC-7EA71E9B34A3}.Release|Any CPU.Build.0 = Release|Any CPU
		{69F02D6B-94E8-4821-B0AB-279AAC968497}.Debug|Any CPU.ActiveCfg = Debug|Any CPU
		{69F02D6B-94E8-4821-B0AB-279AAC968497}.Debug|Any CPU.Build.0 = Debug|Any CPU
		{69F02D6B-94E8-4821-B0AB-279AAC968497}.Release|Any CPU.ActiveCfg = Release|Any CPU
		{69F02D6B-94E8-4821-B0AB-279AAC968497}.Release|Any CPU.Build.0 = Release|Any CPU
		{2C44CC43-00C5-4BDE-9867-756DDA1A4BE6}.Debug|Any CPU.ActiveCfg = Debug|Any CPU
		{2C44CC43-00C5-4BDE-9867-756DDA1A4BE6}.Debug|Any CPU.Build.0 = Debug|Any CPU
		{2C44CC43-00C5-4BDE-9867-756DDA1A4BE6}.Release|Any CPU.ActiveCfg = Release|Any CPU
		{2C44CC43-00C5-4BDE-9867-756DDA1A4BE6}.Release|Any CPU.Build.0 = Release|Any CPU
		{2FD97B0A-0B3D-49E2-BBB5-5EB0F2BDC32D}.Debug|Any CPU.ActiveCfg = Debug|Any CPU
		{2FD97B0A-0B3D-49E2-BBB5-5EB0F2BDC32D}.Debug|Any CPU.Build.0 = Debug|Any CPU
		{2FD97B0A-0B3D-49E2-BBB5-5EB0F2BDC32D}.Release|Any CPU.ActiveCfg = Release|Any CPU
		{2FD97B0A-0B3D-49E2-BBB5-5EB0F2BDC32D}.Release|Any CPU.Build.0 = Release|Any CPU
		{CB116C02-9A53-467D-B4C1-FE97F76A7855}.Debug|Any CPU.ActiveCfg = Debug|Any CPU
		{CB116C02-9A53-467D-B4C1-FE97F76A7855}.Debug|Any CPU.Build.0 = Debug|Any CPU
		{CB116C02-9A53-467D-B4C1-FE97F76A7855}.Release|Any CPU.ActiveCfg = Release|Any CPU
		{CB116C02-9A53-467D-B4C1-FE97F76A7855}.Release|Any CPU.Build.0 = Release|Any CPU
		{0F2488BA-8E8D-498B-9D6E-2C4461390CCD}.Debug|Any CPU.ActiveCfg = Debug|Any CPU
		{0F2488BA-8E8D-498B-9D6E-2C4461390CCD}.Debug|Any CPU.Build.0 = Debug|Any CPU
		{0F2488BA-8E8D-498B-9D6E-2C4461390CCD}.Release|Any CPU.ActiveCfg = Release|Any CPU
		{0F2488BA-8E8D-498B-9D6E-2C4461390CCD}.Release|Any CPU.Build.0 = Release|Any CPU
		{39042F72-04E4-4172-9A4E-E89AA103B47D}.Debug|Any CPU.ActiveCfg = Debug|Any CPU
		{39042F72-04E4-4172-9A4E-E89AA103B47D}.Debug|Any CPU.Build.0 = Debug|Any CPU
		{39042F72-04E4-4172-9A4E-E89AA103B47D}.Release|Any CPU.ActiveCfg = Release|Any CPU
		{39042F72-04E4-4172-9A4E-E89AA103B47D}.Release|Any CPU.Build.0 = Release|Any CPU
		{E5E486BD-5C4A-4185-B3D9-989D7EF80B77}.Debug|Any CPU.ActiveCfg = Debug|Any CPU
		{E5E486BD-5C4A-4185-B3D9-989D7EF80B77}.Debug|Any CPU.Build.0 = Debug|Any CPU
		{E5E486BD-5C4A-4185-B3D9-989D7EF80B77}.Release|Any CPU.ActiveCfg = Release|Any CPU
		{E5E486BD-5C4A-4185-B3D9-989D7EF80B77}.Release|Any CPU.Build.0 = Release|Any CPU
		{51199F74-F4CF-49AE-9270-7B09E34CC755}.Debug|Any CPU.ActiveCfg = Debug|Any CPU
		{51199F74-F4CF-49AE-9270-7B09E34CC755}.Debug|Any CPU.Build.0 = Debug|Any CPU
		{51199F74-F4CF-49AE-9270-7B09E34CC755}.Release|Any CPU.ActiveCfg = Release|Any CPU
		{51199F74-F4CF-49AE-9270-7B09E34CC755}.Release|Any CPU.Build.0 = Release|Any CPU
		{9BEE76E4-C0A7-49D2-AD9A-0A172820EF21}.Debug|Any CPU.ActiveCfg = Debug|Any CPU
		{9BEE76E4-C0A7-49D2-AD9A-0A172820EF21}.Debug|Any CPU.Build.0 = Debug|Any CPU
		{9BEE76E4-C0A7-49D2-AD9A-0A172820EF21}.Release|Any CPU.ActiveCfg = Release|Any CPU
		{9BEE76E4-C0A7-49D2-AD9A-0A172820EF21}.Release|Any CPU.Build.0 = Release|Any CPU
		{1C2E7E04-3EA4-4D47-B6AF-97E603FAB502}.Debug|Any CPU.ActiveCfg = Debug|Any CPU
		{1C2E7E04-3EA4-4D47-B6AF-97E603FAB502}.Debug|Any CPU.Build.0 = Debug|Any CPU
		{1C2E7E04-3EA4-4D47-B6AF-97E603FAB502}.Release|Any CPU.ActiveCfg = Release|Any CPU
		{1C2E7E04-3EA4-4D47-B6AF-97E603FAB502}.Release|Any CPU.Build.0 = Release|Any CPU
	EndGlobalSection
	GlobalSection(SolutionProperties) = preSolution
		HideSolutionNode = FALSE
	EndGlobalSection
	GlobalSection(ExtensibilityGlobals) = postSolution
		SolutionGuid = {6C93F800-C861-4DA8-9C11-8F57C950ED12}
	EndGlobalSection
EndGlobal
